// !$*UTF8*$!
{
	archiveVersion = 1;
	classes = {
	};
	objectVersion = 55;
	objects = {

/* Begin PBXBuildFile section */
		2E9D53382744852200C1E161 /* PlaySoundsViewController+Audio.swift in Sources */ = {isa = PBXBuildFile; fileRef = 2E9D53372744852200C1E161 /* PlaySoundsViewController+Audio.swift */; };
		2EA2B5F227382A6F0089F553 /* AppDelegate.swift in Sources */ = {isa = PBXBuildFile; fileRef = 2EA2B5F127382A6F0089F553 /* AppDelegate.swift */; };
		2EA2B5F427382A6F0089F553 /* SceneDelegate.swift in Sources */ = {isa = PBXBuildFile; fileRef = 2EA2B5F327382A6F0089F553 /* SceneDelegate.swift */; };
		2EA2B5F627382A6F0089F553 /* RecordSoundsViewController.swift in Sources */ = {isa = PBXBuildFile; fileRef = 2EA2B5F527382A6F0089F553 /* RecordSoundsViewController.swift */; };
		2EA2B5F927382A6F0089F553 /* Main.storyboard in Resources */ = {isa = PBXBuildFile; fileRef = 2EA2B5F727382A6F0089F553 /* Main.storyboard */; };
		2EA2B5FB27382A710089F553 /* Assets.xcassets in Resources */ = {isa = PBXBuildFile; fileRef = 2EA2B5FA27382A710089F553 /* Assets.xcassets */; };
		2EA2B5FE27382A710089F553 /* LaunchScreen.storyboard in Resources */ = {isa = PBXBuildFile; fileRef = 2EA2B5FC27382A710089F553 /* LaunchScreen.storyboard */; };
		2EA2B60927382A710089F553 /* PitchPerfect_NathaliePiresCesarinoTests.swift in Sources */ = {isa = PBXBuildFile; fileRef = 2EA2B60827382A710089F553 /* PitchPerfect_NathaliePiresCesarinoTests.swift */; };
		2EA2B61327382A710089F553 /* PitchPerfect_NathaliePiresCesarinoUITests.swift in Sources */ = {isa = PBXBuildFile; fileRef = 2EA2B61227382A710089F553 /* PitchPerfect_NathaliePiresCesarinoUITests.swift */; };
		2EA2B61527382A710089F553 /* PitchPerfect_NathaliePiresCesarinoUITestsLaunchTests.swift in Sources */ = {isa = PBXBuildFile; fileRef = 2EA2B61427382A710089F553 /* PitchPerfect_NathaliePiresCesarinoUITestsLaunchTests.swift */; };
		2EA2B62227386BF70089F553 /* PlaySoundsViewController.swift in Sources */ = {isa = PBXBuildFile; fileRef = 2EA2B62127386BF70089F553 /* PlaySoundsViewController.swift */; };
/* End PBXBuildFile section */

/* Begin PBXContainerItemProxy section */
		2EA2B60527382A710089F553 /* PBXContainerItemProxy */ = {
			isa = PBXContainerItemProxy;
			containerPortal = 2EA2B5E627382A6F0089F553 /* Project object */;
			proxyType = 1;
			remoteGlobalIDString = 2EA2B5ED27382A6F0089F553;
			remoteInfo = PitchPerfect_NathaliePiresCesarino;
		};
		2EA2B60F27382A710089F553 /* PBXContainerItemProxy */ = {
			isa = PBXContainerItemProxy;
			containerPortal = 2EA2B5E627382A6F0089F553 /* Project object */;
			proxyType = 1;
			remoteGlobalIDString = 2EA2B5ED27382A6F0089F553;
			remoteInfo = PitchPerfect_NathaliePiresCesarino;
		};
/* End PBXContainerItemProxy section */

/* Begin PBXFileReference section */
		2E9D53372744852200C1E161 /* PlaySoundsViewController+Audio.swift */ = {isa = PBXFileReference; fileEncoding = 4; lastKnownFileType = sourcecode.swift; path = "PlaySoundsViewController+Audio.swift"; sourceTree = "<group>"; };
		2EA2B5EE27382A6F0089F553 /* PitchPerfect_NathaliePiresCesarino.app */ = {isa = PBXFileReference; explicitFileType = wrapper.application; includeInIndex = 0; path = PitchPerfect_NathaliePiresCesarino.app; sourceTree = BUILT_PRODUCTS_DIR; };
		2EA2B5F127382A6F0089F553 /* AppDelegate.swift */ = {isa = PBXFileReference; lastKnownFileType = sourcecode.swift; path = AppDelegate.swift; sourceTree = "<group>"; };
		2EA2B5F327382A6F0089F553 /* SceneDelegate.swift */ = {isa = PBXFileReference; lastKnownFileType = sourcecode.swift; path = SceneDelegate.swift; sourceTree = "<group>"; };
		2EA2B5F527382A6F0089F553 /* RecordSoundsViewController.swift */ = {isa = PBXFileReference; lastKnownFileType = sourcecode.swift; path = RecordSoundsViewController.swift; sourceTree = "<group>"; };
		2EA2B5F827382A6F0089F553 /* Base */ = {isa = PBXFileReference; lastKnownFileType = file.storyboard; name = Base; path = Base.lproj/Main.storyboard; sourceTree = "<group>"; };
		2EA2B5FA27382A710089F553 /* Assets.xcassets */ = {isa = PBXFileReference; lastKnownFileType = folder.assetcatalog; path = Assets.xcassets; sourceTree = "<group>"; };
		2EA2B5FD27382A710089F553 /* Base */ = {isa = PBXFileReference; lastKnownFileType = file.storyboard; name = Base; path = Base.lproj/LaunchScreen.storyboard; sourceTree = "<group>"; };
		2EA2B5FF27382A710089F553 /* Info.plist */ = {isa = PBXFileReference; lastKnownFileType = text.plist.xml; path = Info.plist; sourceTree = "<group>"; };
		2EA2B60427382A710089F553 /* PitchPerfect_NathaliePiresCesarinoTests.xctest */ = {isa = PBXFileReference; explicitFileType = wrapper.cfbundle; includeInIndex = 0; path = PitchPerfect_NathaliePiresCesarinoTests.xctest; sourceTree = BUILT_PRODUCTS_DIR; };
		2EA2B60827382A710089F553 /* PitchPerfect_NathaliePiresCesarinoTests.swift */ = {isa = PBXFileReference; lastKnownFileType = sourcecode.swift; path = PitchPerfect_NathaliePiresCesarinoTests.swift; sourceTree = "<group>"; };
		2EA2B60E27382A710089F553 /* PitchPerfect_NathaliePiresCesarinoUITests.xctest */ = {isa = PBXFileReference; explicitFileType = wrapper.cfbundle; includeInIndex = 0; path = PitchPerfect_NathaliePiresCesarinoUITests.xctest; sourceTree = BUILT_PRODUCTS_DIR; };
		2EA2B61227382A710089F553 /* PitchPerfect_NathaliePiresCesarinoUITests.swift */ = {isa = PBXFileReference; lastKnownFileType = sourcecode.swift; path = PitchPerfect_NathaliePiresCesarinoUITests.swift; sourceTree = "<group>"; };
		2EA2B61427382A710089F553 /* PitchPerfect_NathaliePiresCesarinoUITestsLaunchTests.swift */ = {isa = PBXFileReference; lastKnownFileType = sourcecode.swift; path = PitchPerfect_NathaliePiresCesarinoUITestsLaunchTests.swift; sourceTree = "<group>"; };
		2EA2B62127386BF70089F553 /* PlaySoundsViewController.swift */ = {isa = PBXFileReference; lastKnownFileType = sourcecode.swift; path = PlaySoundsViewController.swift; sourceTree = "<group>"; };
/* End PBXFileReference section */

/* Begin PBXFrameworksBuildPhase section */
		2EA2B5EB27382A6F0089F553 /* Frameworks */ = {
			isa = PBXFrameworksBuildPhase;
			buildActionMask = 2147483647;
			files = (
			);
			runOnlyForDeploymentPostprocessing = 0;
		};
		2EA2B60127382A710089F553 /* Frameworks */ = {
			isa = PBXFrameworksBuildPhase;
			buildActionMask = 2147483647;
			files = (
			);
			runOnlyForDeploymentPostprocessing = 0;
		};
		2EA2B60B27382A710089F553 /* Frameworks */ = {
			isa = PBXFrameworksBuildPhase;
			buildActionMask = 2147483647;
			files = (
			);
			runOnlyForDeploymentPostprocessing = 0;
		};
/* End PBXFrameworksBuildPhase section */

/* Begin PBXGroup section */
		2EA2B5E527382A6F0089F553 = {
			isa = PBXGroup;
			children = (
				2EA2B5F027382A6F0089F553 /* PitchPerfect_NathaliePiresCesarino */,
				2EA2B60727382A710089F553 /* PitchPerfect_NathaliePiresCesarinoTests */,
				2EA2B61127382A710089F553 /* PitchPerfect_NathaliePiresCesarinoUITests */,
				2EA2B5EF27382A6F0089F553 /* Products */,
			);
			sourceTree = "<group>";
		};
		2EA2B5EF27382A6F0089F553 /* Products */ = {
			isa = PBXGroup;
			children = (
				2EA2B5EE27382A6F0089F553 /* PitchPerfect_NathaliePiresCesarino.app */,
				2EA2B60427382A710089F553 /* PitchPerfect_NathaliePiresCesarinoTests.xctest */,
				2EA2B60E27382A710089F553 /* PitchPerfect_NathaliePiresCesarinoUITests.xctest */,
			);
			name = Products;
			sourceTree = "<group>";
		};
		2EA2B5F027382A6F0089F553 /* PitchPerfect_NathaliePiresCesarino */ = {
			isa = PBXGroup;
			children = (
				2EA2B5F127382A6F0089F553 /* AppDelegate.swift */,
				2EA2B5F327382A6F0089F553 /* SceneDelegate.swift */,
				2EA2B5F527382A6F0089F553 /* RecordSoundsViewController.swift */,
				2EA2B5F727382A6F0089F553 /* Main.storyboard */,
				2EA2B5FA27382A710089F553 /* Assets.xcassets */,
				2EA2B5FC27382A710089F553 /* LaunchScreen.storyboard */,
				2EA2B5FF27382A710089F553 /* Info.plist */,
				2EA2B62127386BF70089F553 /* PlaySoundsViewController.swift */,
				2E9D53372744852200C1E161 /* PlaySoundsViewController+Audio.swift */,
			);
			path = PitchPerfect_NathaliePiresCesarino;
			sourceTree = "<group>";
		};
		2EA2B60727382A710089F553 /* PitchPerfect_NathaliePiresCesarinoTests */ = {
			isa = PBXGroup;
			children = (
				2EA2B60827382A710089F553 /* PitchPerfect_NathaliePiresCesarinoTests.swift */,
			);
			path = PitchPerfect_NathaliePiresCesarinoTests;
			sourceTree = "<group>";
		};
		2EA2B61127382A710089F553 /* PitchPerfect_NathaliePiresCesarinoUITests */ = {
			isa = PBXGroup;
			children = (
				2EA2B61227382A710089F553 /* PitchPerfect_NathaliePiresCesarinoUITests.swift */,
				2EA2B61427382A710089F553 /* PitchPerfect_NathaliePiresCesarinoUITestsLaunchTests.swift */,
			);
			path = PitchPerfect_NathaliePiresCesarinoUITests;
			sourceTree = "<group>";
		};
/* End PBXGroup section */

/* Begin PBXNativeTarget section */
		2EA2B5ED27382A6F0089F553 /* PitchPerfect_NathaliePiresCesarino */ = {
			isa = PBXNativeTarget;
			buildConfigurationList = 2EA2B61827382A710089F553 /* Build configuration list for PBXNativeTarget "PitchPerfect_NathaliePiresCesarino" */;
			buildPhases = (
				2EA2B5EA27382A6F0089F553 /* Sources */,
				2EA2B5EB27382A6F0089F553 /* Frameworks */,
				2EA2B5EC27382A6F0089F553 /* Resources */,
			);
			buildRules = (
			);
			dependencies = (
			);
			name = PitchPerfect_NathaliePiresCesarino;
			productName = PitchPerfect_NathaliePiresCesarino;
			productReference = 2EA2B5EE27382A6F0089F553 /* PitchPerfect_NathaliePiresCesarino.app */;
			productType = "com.apple.product-type.application";
		};
		2EA2B60327382A710089F553 /* PitchPerfect_NathaliePiresCesarinoTests */ = {
			isa = PBXNativeTarget;
			buildConfigurationList = 2EA2B61B27382A710089F553 /* Build configuration list for PBXNativeTarget "PitchPerfect_NathaliePiresCesarinoTests" */;
			buildPhases = (
				2EA2B60027382A710089F553 /* Sources */,
				2EA2B60127382A710089F553 /* Frameworks */,
				2EA2B60227382A710089F553 /* Resources */,
			);
			buildRules = (
			);
			dependencies = (
				2EA2B60627382A710089F553 /* PBXTargetDependency */,
			);
			name = PitchPerfect_NathaliePiresCesarinoTests;
			productName = PitchPerfect_NathaliePiresCesarinoTests;
			productReference = 2EA2B60427382A710089F553 /* PitchPerfect_NathaliePiresCesarinoTests.xctest */;
			productType = "com.apple.product-type.bundle.unit-test";
		};
		2EA2B60D27382A710089F553 /* PitchPerfect_NathaliePiresCesarinoUITests */ = {
			isa = PBXNativeTarget;
			buildConfigurationList = 2EA2B61E27382A710089F553 /* Build configuration list for PBXNativeTarget "PitchPerfect_NathaliePiresCesarinoUITests" */;
			buildPhases = (
				2EA2B60A27382A710089F553 /* Sources */,
				2EA2B60B27382A710089F553 /* Frameworks */,
				2EA2B60C27382A710089F553 /* Resources */,
			);
			buildRules = (
			);
			dependencies = (
				2EA2B61027382A710089F553 /* PBXTargetDependency */,
			);
			name = PitchPerfect_NathaliePiresCesarinoUITests;
			productName = PitchPerfect_NathaliePiresCesarinoUITests;
			productReference = 2EA2B60E27382A710089F553 /* PitchPerfect_NathaliePiresCesarinoUITests.xctest */;
			productType = "com.apple.product-type.bundle.ui-testing";
		};
/* End PBXNativeTarget section */

/* Begin PBXProject section */
		2EA2B5E627382A6F0089F553 /* Project object */ = {
			isa = PBXProject;
			attributes = {
				BuildIndependentTargetsInParallel = 1;
				LastSwiftUpdateCheck = 1310;
				LastUpgradeCheck = 1310;
				TargetAttributes = {
					2EA2B5ED27382A6F0089F553 = {
						CreatedOnToolsVersion = 13.1;
					};
					2EA2B60327382A710089F553 = {
						CreatedOnToolsVersion = 13.1;
						TestTargetID = 2EA2B5ED27382A6F0089F553;
					};
					2EA2B60D27382A710089F553 = {
						CreatedOnToolsVersion = 13.1;
						TestTargetID = 2EA2B5ED27382A6F0089F553;
					};
				};
			};
			buildConfigurationList = 2EA2B5E927382A6F0089F553 /* Build configuration list for PBXProject "PitchPerfect_NathaliePiresCesarino" */;
			compatibilityVersion = "Xcode 13.0";
			developmentRegion = en;
			hasScannedForEncodings = 0;
			knownRegions = (
				en,
				Base,
			);
			mainGroup = 2EA2B5E527382A6F0089F553;
			productRefGroup = 2EA2B5EF27382A6F0089F553 /* Products */;
			projectDirPath = "";
			projectRoot = "";
			targets = (
				2EA2B5ED27382A6F0089F553 /* PitchPerfect_NathaliePiresCesarino */,
				2EA2B60327382A710089F553 /* PitchPerfect_NathaliePiresCesarinoTests */,
				2EA2B60D27382A710089F553 /* PitchPerfect_NathaliePiresCesarinoUITests */,
			);
		};
/* End PBXProject section */

/* Begin PBXResourcesBuildPhase section */
		2EA2B5EC27382A6F0089F553 /* Resources */ = {
			isa = PBXResourcesBuildPhase;
			buildActionMask = 2147483647;
			files = (
				2EA2B5FE27382A710089F553 /* LaunchScreen.storyboard in Resources */,
				2EA2B5FB27382A710089F553 /* Assets.xcassets in Resources */,
				2EA2B5F927382A6F0089F553 /* Main.storyboard in Resources */,
			);
			runOnlyForDeploymentPostprocessing = 0;
		};
		2EA2B60227382A710089F553 /* Resources */ = {
			isa = PBXResourcesBuildPhase;
			buildActionMask = 2147483647;
			files = (
			);
			runOnlyForDeploymentPostprocessing = 0;
		};
		2EA2B60C27382A710089F553 /* Resources */ = {
			isa = PBXResourcesBuildPhase;
			buildActionMask = 2147483647;
			files = (
			);
			runOnlyForDeploymentPostprocessing = 0;
		};
/* End PBXResourcesBuildPhase section */

/* Begin PBXSourcesBuildPhase section */
		2EA2B5EA27382A6F0089F553 /* Sources */ = {
			isa = PBXSourcesBuildPhase;
			buildActionMask = 2147483647;
			files = (
				2E9D53382744852200C1E161 /* PlaySoundsViewController+Audio.swift in Sources */,
				2EA2B5F627382A6F0089F553 /* RecordSoundsViewController.swift in Sources */,
				2EA2B5F227382A6F0089F553 /* AppDelegate.swift in Sources */,
				2EA2B62227386BF70089F553 /* PlaySoundsViewController.swift in Sources */,
				2EA2B5F427382A6F0089F553 /* SceneDelegate.swift in Sources */,
			);
			runOnlyForDeploymentPostprocessing = 0;
		};
		2EA2B60027382A710089F553 /* Sources */ = {
			isa = PBXSourcesBuildPhase;
			buildActionMask = 2147483647;
			files = (
				2EA2B60927382A710089F553 /* PitchPerfect_NathaliePiresCesarinoTests.swift in Sources */,
			);
			runOnlyForDeploymentPostprocessing = 0;
		};
		2EA2B60A27382A710089F553 /* Sources */ = {
			isa = PBXSourcesBuildPhase;
			buildActionMask = 2147483647;
			files = (
				2EA2B61327382A710089F553 /* PitchPerfect_NathaliePiresCesarinoUITests.swift in Sources */,
				2EA2B61527382A710089F553 /* PitchPerfect_NathaliePiresCesarinoUITestsLaunchTests.swift in Sources */,
			);
			runOnlyForDeploymentPostprocessing = 0;
		};
/* End PBXSourcesBuildPhase section */

/* Begin PBXTargetDependency section */
		2EA2B60627382A710089F553 /* PBXTargetDependency */ = {
			isa = PBXTargetDependency;
			target = 2EA2B5ED27382A6F0089F553 /* PitchPerfect_NathaliePiresCesarino */;
			targetProxy = 2EA2B60527382A710089F553 /* PBXContainerItemProxy */;
		};
		2EA2B61027382A710089F553 /* PBXTargetDependency */ = {
			isa = PBXTargetDependency;
			target = 2EA2B5ED27382A6F0089F553 /* PitchPerfect_NathaliePiresCesarino */;
			targetProxy = 2EA2B60F27382A710089F553 /* PBXContainerItemProxy */;
		};
/* End PBXTargetDependency section */

/* Begin PBXVariantGroup section */
		2EA2B5F727382A6F0089F553 /* Main.storyboard */ = {
			isa = PBXVariantGroup;
			children = (
				2EA2B5F827382A6F0089F553 /* Base */,
			);
			name = Main.storyboard;
			sourceTree = "<group>";
		};
		2EA2B5FC27382A710089F553 /* LaunchScreen.storyboard */ = {
			isa = PBXVariantGroup;
			children = (
				2EA2B5FD27382A710089F553 /* Base */,
			);
			name = LaunchScreen.storyboard;
			sourceTree = "<group>";
		};
/* End PBXVariantGroup section */

/* Begin XCBuildConfiguration section */
		2EA2B61627382A710089F553 /* Debug */ = {
			isa = XCBuildConfiguration;
			buildSettings = {
				ALWAYS_SEARCH_USER_PATHS = NO;
				CLANG_ANALYZER_NONNULL = YES;
				CLANG_ANALYZER_NUMBER_OBJECT_CONVERSION = YES_AGGRESSIVE;
				CLANG_CXX_LANGUAGE_STANDARD = "gnu++17";
				CLANG_CXX_LIBRARY = "libc++";
				CLANG_ENABLE_MODULES = YES;
				CLANG_ENABLE_OBJC_ARC = YES;
				CLANG_ENABLE_OBJC_WEAK = YES;
				CLANG_WARN_BLOCK_CAPTURE_AUTORELEASING = YES;
				CLANG_WARN_BOOL_CONVERSION = YES;
				CLANG_WARN_COMMA = YES;
				CLANG_WARN_CONSTANT_CONVERSION = YES;
				CLANG_WARN_DEPRECATED_OBJC_IMPLEMENTATIONS = YES;
				CLANG_WARN_DIRECT_OBJC_ISA_USAGE = YES_ERROR;
				CLANG_WARN_DOCUMENTATION_COMMENTS = YES;
				CLANG_WARN_EMPTY_BODY = YES;
				CLANG_WARN_ENUM_CONVERSION = YES;
				CLANG_WARN_INFINITE_RECURSION = YES;
				CLANG_WARN_INT_CONVERSION = YES;
				CLANG_WARN_NON_LITERAL_NULL_CONVERSION = YES;
				CLANG_WARN_OBJC_IMPLICIT_RETAIN_SELF = YES;
				CLANG_WARN_OBJC_LITERAL_CONVERSION = YES;
				CLANG_WARN_OBJC_ROOT_CLASS = YES_ERROR;
				CLANG_WARN_QUOTED_INCLUDE_IN_FRAMEWORK_HEADER = YES;
				CLANG_WARN_RANGE_LOOP_ANALYSIS = YES;
				CLANG_WARN_STRICT_PROTOTYPES = YES;
				CLANG_WARN_SUSPICIOUS_MOVE = YES;
				CLANG_WARN_UNGUARDED_AVAILABILITY = YES_AGGRESSIVE;
				CLANG_WARN_UNREACHABLE_CODE = YES;
				CLANG_WARN__DUPLICATE_METHOD_MATCH = YES;
				COPY_PHASE_STRIP = NO;
				DEBUG_INFORMATION_FORMAT = dwarf;
				ENABLE_STRICT_OBJC_MSGSEND = YES;
				ENABLE_TESTABILITY = YES;
				GCC_C_LANGUAGE_STANDARD = gnu11;
				GCC_DYNAMIC_NO_PIC = NO;
				GCC_NO_COMMON_BLOCKS = YES;
				GCC_OPTIMIZATION_LEVEL = 0;
				GCC_PREPROCESSOR_DEFINITIONS = (
					"DEBUG=1",
					"$(inherited)",
				);
				GCC_WARN_64_TO_32_BIT_CONVERSION = YES;
				GCC_WARN_ABOUT_RETURN_TYPE = YES_ERROR;
				GCC_WARN_UNDECLARED_SELECTOR = YES;
				GCC_WARN_UNINITIALIZED_AUTOS = YES_AGGRESSIVE;
				GCC_WARN_UNUSED_FUNCTION = YES;
				GCC_WARN_UNUSED_VARIABLE = YES;
				IPHONEOS_DEPLOYMENT_TARGET = 15.0;
				MTL_ENABLE_DEBUG_INFO = INCLUDE_SOURCE;
				MTL_FAST_MATH = YES;
				ONLY_ACTIVE_ARCH = YES;
				SDKROOT = iphoneos;
				SWIFT_ACTIVE_COMPILATION_CONDITIONS = DEBUG;
				SWIFT_OPTIMIZATION_LEVEL = "-Onone";
			};
			name = Debug;
		};
		2EA2B61727382A710089F553 /* Release */ = {
			isa = XCBuildConfiguration;
			buildSettings = {
				ALWAYS_SEARCH_USER_PATHS = NO;
				CLANG_ANALYZER_NONNULL = YES;
				CLANG_ANALYZER_NUMBER_OBJECT_CONVERSION = YES_AGGRESSIVE;
				CLANG_CXX_LANGUAGE_STANDARD = "gnu++17";
				CLANG_CXX_LIBRARY = "libc++";
				CLANG_ENABLE_MODULES = YES;
				CLANG_ENABLE_OBJC_ARC = YES;
				CLANG_ENABLE_OBJC_WEAK = YES;
				CLANG_WARN_BLOCK_CAPTURE_AUTORELEASING = YES;
				CLANG_WARN_BOOL_CONVERSION = YES;
				CLANG_WARN_COMMA = YES;
				CLANG_WARN_CONSTANT_CONVERSION = YES;
				CLANG_WARN_DEPRECATED_OBJC_IMPLEMENTATIONS = YES;
				CLANG_WARN_DIRECT_OBJC_ISA_USAGE = YES_ERROR;
				CLANG_WARN_DOCUMENTATION_COMMENTS = YES;
				CLANG_WARN_EMPTY_BODY = YES;
				CLANG_WARN_ENUM_CONVERSION = YES;
				CLANG_WARN_INFINITE_RECURSION = YES;
				CLANG_WARN_INT_CONVERSION = YES;
				CLANG_WARN_NON_LITERAL_NULL_CONVERSION = YES;
				CLANG_WARN_OBJC_IMPLICIT_RETAIN_SELF = YES;
				CLANG_WARN_OBJC_LITERAL_CONVERSION = YES;
				CLANG_WARN_OBJC_ROOT_CLASS = YES_ERROR;
				CLANG_WARN_QUOTED_INCLUDE_IN_FRAMEWORK_HEADER = YES;
				CLANG_WARN_RANGE_LOOP_ANALYSIS = YES;
				CLANG_WARN_STRICT_PROTOTYPES = YES;
				CLANG_WARN_SUSPICIOUS_MOVE = YES;
				CLANG_WARN_UNGUARDED_AVAILABILITY = YES_AGGRESSIVE;
				CLANG_WARN_UNREACHABLE_CODE = YES;
				CLANG_WARN__DUPLICATE_METHOD_MATCH = YES;
				COPY_PHASE_STRIP = NO;
				DEBUG_INFORMATION_FORMAT = "dwarf-with-dsym";
				ENABLE_NS_ASSERTIONS = NO;
				ENABLE_STRICT_OBJC_MSGSEND = YES;
				GCC_C_LANGUAGE_STANDARD = gnu11;
				GCC_NO_COMMON_BLOCKS = YES;
				GCC_WARN_64_TO_32_BIT_CONVERSION = YES;
				GCC_WARN_ABOUT_RETURN_TYPE = YES_ERROR;
				GCC_WARN_UNDECLARED_SELECTOR = YES;
				GCC_WARN_UNINITIALIZED_AUTOS = YES_AGGRESSIVE;
				GCC_WARN_UNUSED_FUNCTION = YES;
				GCC_WARN_UNUSED_VARIABLE = YES;
				IPHONEOS_DEPLOYMENT_TARGET = 15.0;
				MTL_ENABLE_DEBUG_INFO = NO;
				MTL_FAST_MATH = YES;
				SDKROOT = iphoneos;
				SWIFT_COMPILATION_MODE = wholemodule;
				SWIFT_OPTIMIZATION_LEVEL = "-O";
				VALIDATE_PRODUCT = YES;
			};
			name = Release;
		};
		2EA2B61927382A710089F553 /* Debug */ = {
			isa = XCBuildConfiguration;
			buildSettings = {
				ASSETCATALOG_COMPILER_APPICON_NAME = AppIcon;
				ASSETCATALOG_COMPILER_GLOBAL_ACCENT_COLOR_NAME = AccentColor;
				CODE_SIGN_STYLE = Automatic;
				CURRENT_PROJECT_VERSION = 1;
				GENERATE_INFOPLIST_FILE = YES;
				INFOPLIST_FILE = PitchPerfect_NathaliePiresCesarino/Info.plist;
				INFOPLIST_KEY_UIApplicationSupportsIndirectInputEvents = YES;
				INFOPLIST_KEY_UILaunchStoryboardName = LaunchScreen;
				INFOPLIST_KEY_UIMainStoryboardFile = Main;
				INFOPLIST_KEY_UISupportedInterfaceOrientations_iPad = "UIInterfaceOrientationPortrait UIInterfaceOrientationPortraitUpsideDown UIInterfaceOrientationLandscapeLeft UIInterfaceOrientationLandscapeRight";
				INFOPLIST_KEY_UISupportedInterfaceOrientations_iPhone = "UIInterfaceOrientationPortrait UIInterfaceOrientationLandscapeLeft UIInterfaceOrientationLandscapeRight";
				LD_RUNPATH_SEARCH_PATHS = (
					"$(inherited)",
					"@executable_path/Frameworks",
				);
				MARKETING_VERSION = 1.0;
				PRODUCT_BUNDLE_IDENTIFIER = "Udacity.PitchPerfect-NathaliePiresCesarino";
				PRODUCT_NAME = "$(TARGET_NAME)";
				SWIFT_EMIT_LOC_STRINGS = YES;
				SWIFT_VERSION = 5.0;
				TARGETED_DEVICE_FAMILY = "1,2";
			};
			name = Debug;
		};
		2EA2B61A27382A710089F553 /* Release */ = {
			isa = XCBuildConfiguration;
			buildSettings = {
				ASSETCATALOG_COMPILER_APPICON_NAME = AppIcon;
				ASSETCATALOG_COMPILER_GLOBAL_ACCENT_COLOR_NAME = AccentColor;
				CODE_SIGN_STYLE = Automatic;
				CURRENT_PROJECT_VERSION = 1;
				GENERATE_INFOPLIST_FILE = YES;
				INFOPLIST_FILE = PitchPerfect_NathaliePiresCesarino/Info.plist;
				INFOPLIST_KEY_UIApplicationSupportsIndirectInputEvents = YES;
				INFOPLIST_KEY_UILaunchStoryboardName = LaunchScreen;
				INFOPLIST_KEY_UIMainStoryboardFile = Main;
				INFOPLIST_KEY_UISupportedInterfaceOrientations_iPad = "UIInterfaceOrientationPortrait UIInterfaceOrientationPortraitUpsideDown UIInterfaceOrientationLandscapeLeft UIInterfaceOrientationLandscapeRight";
				INFOPLIST_KEY_UISupportedInterfaceOrientations_iPhone = "UIInterfaceOrientationPortrait UIInterfaceOrientationLandscapeLeft UIInterfaceOrientationLandscapeRight";
				LD_RUNPATH_SEARCH_PATHS = (
					"$(inherited)",
					"@executable_path/Frameworks",
				);
				MARKETING_VERSION = 1.0;
				PRODUCT_BUNDLE_IDENTIFIER = "Udacity.PitchPerfect-NathaliePiresCesarino";
				PRODUCT_NAME = "$(TARGET_NAME)";
				SWIFT_EMIT_LOC_STRINGS = YES;
				SWIFT_VERSION = 5.0;
				TARGETED_DEVICE_FAMILY = "1,2";
			};
			name = Release;
		};
		2EA2B61C27382A710089F553 /* Debug */ = {
			isa = XCBuildConfiguration;
			buildSettings = {
				ALWAYS_EMBED_SWIFT_STANDARD_LIBRARIES = YES;
				BUNDLE_LOADER = "$(TEST_HOST)";
				CODE_SIGN_STYLE = Automatic;
				CURRENT_PROJECT_VERSION = 1;
				GENERATE_INFOPLIST_FILE = YES;
				IPHONEOS_DEPLOYMENT_TARGET = 15.0;
				LD_RUNPATH_SEARCH_PATHS = (
					"$(inherited)",
					"@executable_path/Frameworks",
					"@loader_path/Frameworks",
				);
				MARKETING_VERSION = 1.0;
				PRODUCT_BUNDLE_IDENTIFIER = "Udacity.PitchPerfect-NathaliePiresCesarinoTests";
				PRODUCT_NAME = "$(TARGET_NAME)";
				SWIFT_EMIT_LOC_STRINGS = NO;
				SWIFT_VERSION = 5.0;
				TARGETED_DEVICE_FAMILY = "1,2";
				TEST_HOST = "$(BUILT_PRODUCTS_DIR)/PitchPerfect_NathaliePiresCesarino.app/PitchPerfect_NathaliePiresCesarino";
			};
			name = Debug;
		};
		2EA2B61D27382A710089F553 /* Release */ = {
			isa = XCBuildConfiguration;
			buildSettings = {
				ALWAYS_EMBED_SWIFT_STANDARD_LIBRARIES = YES;
				BUNDLE_LOADER = "$(TEST_HOST)";
				CODE_SIGN_STYLE = Automatic;
				CURRENT_PROJECT_VERSION = 1;
				GENERATE_INFOPLIST_FILE = YES;
				IPHONEOS_DEPLOYMENT_TARGET = 15.0;
				LD_RUNPATH_SEARCH_PATHS = (
					"$(inherited)",
					"@executable_path/Frameworks",
					"@loader_path/Frameworks",
				);
				MARKETING_VERSION = 1.0;
				PRODUCT_BUNDLE_IDENTIFIER = "Udacity.PitchPerfect-NathaliePiresCesarinoTests";
				PRODUCT_NAME = "$(TARGET_NAME)";
				SWIFT_EMIT_LOC_STRINGS = NO;
				SWIFT_VERSION = 5.0;
				TARGETED_DEVICE_FAMILY = "1,2";
				TEST_HOST = "$(BUILT_PRODUCTS_DIR)/PitchPerfect_NathaliePiresCesarino.app/PitchPerfect_NathaliePiresCesarino";
			};
			name = Release;
		};
		2EA2B61F27382A710089F553 /* Debug */ = {
			isa = XCBuildConfiguration;
			buildSettings = {
				ALWAYS_EMBED_SWIFT_STANDARD_LIBRARIES = YES;
				CODE_SIGN_STYLE = Automatic;
				CURRENT_PROJECT_VERSION = 1;
				GENERATE_INFOPLIST_FILE = YES;
				LD_RUNPATH_SEARCH_PATHS = (
					"$(inherited)",
					"@executable_path/Frameworks",
					"@loader_path/Frameworks",
				);
				MARKETING_VERSION = 1.0;
				PRODUCT_BUNDLE_IDENTIFIER = "Udacity.PitchPerfect-NathaliePiresCesarinoUITests";
				PRODUCT_NAME = "$(TARGET_NAME)";
				SWIFT_EMIT_LOC_STRINGS = NO;
				SWIFT_VERSION = 5.0;
				TARGETED_DEVICE_FAMILY = "1,2";
				TEST_TARGET_NAME = PitchPerfect_NathaliePiresCesarino;
			};
			name = Debug;
		};
		2EA2B62027382A710089F553 /* Release */ = {
			isa = XCBuildConfiguration;
			buildSettings = {
				ALWAYS_EMBED_SWIFT_STANDARD_LIBRARIES = YES;
				CODE_SIGN_STYLE = Automatic;
				CURRENT_PROJECT_VERSION = 1;
				GENERATE_INFOPLIST_FILE = YES;
				LD_RUNPATH_SEARCH_PATHS = (
					"$(inherited)",
					"@executable_path/Frameworks",
					"@loader_path/Frameworks",
				);
				MARKETING_VERSION = 1.0;
				PRODUCT_BUNDLE_IDENTIFIER = "Udacity.PitchPerfect-NathaliePiresCesarinoUITests";
				PRODUCT_NAME = "$(TARGET_NAME)";
				SWIFT_EMIT_LOC_STRINGS = NO;
				SWIFT_VERSION = 5.0;
				TARGETED_DEVICE_FAMILY = "1,2";
				TEST_TARGET_NAME = PitchPerfect_NathaliePiresCesarino;
			};
			name = Release;
		};
/* End XCBuildConfiguration section */

/* Begin XCConfigurationList section */
		2EA2B5E927382A6F0089F553 /* Build configuration list for PBXProject "PitchPerfect_NathaliePiresCesarino" */ = {
			isa = XCConfigurationList;
			buildConfigurations = (
				2EA2B61627382A710089F553 /* Debug */,
				2EA2B61727382A710089F553 /* Release */,
			);
			defaultConfigurationIsVisible = 0;
			defaultConfigurationName = Release;
		};
		2EA2B61827382A710089F553 /* Build configuration list for PBXNativeTarget "PitchPerfect_NathaliePiresCesarino" */ = {
			isa = XCConfigurationList;
			buildConfigurations = (
				2EA2B61927382A710089F553 /* Debug */,
				2EA2B61A27382A710089F553 /* Release */,
			);
			defaultConfigurationIsVisible = 0;
			defaultConfigurationName = Release;
		};
		2EA2B61B27382A710089F553 /* Build configuration list for PBXNativeTarget "PitchPerfect_NathaliePiresCesarinoTests" */ = {
			isa = XCConfigurationList;
			buildConfigurations = (
				2EA2B61C27382A710089F553 /* Debug */,
				2EA2B61D27382A710089F553 /* Release */,
			);
			defaultConfigurationIsVisible = 0;
			defaultConfigurationName = Release;
		};
		2EA2B61E27382A710089F553 /* Build configuration list for PBXNativeTarget "PitchPerfect_NathaliePiresCesarinoUITests" */ = {
			isa = XCConfigurationList;
			buildConfigurations = (
				2EA2B61F27382A710089F553 /* Debug */,
				2EA2B62027382A710089F553 /* Release */,
			);
			defaultConfigurationIsVisible = 0;
			defaultConfigurationName = Release;
		};
/* End XCConfigurationList section */
	};
	rootObject = 2EA2B5E627382A6F0089F553 /* Project object */;
}
